// !$*UTF8*$!
{
	archiveVersion = 1;
	classes = {
	};
	objectVersion = 77;
	objects = {

/* Begin PBXBuildFile section */
		35F050202EC56307008220D4 /* FirebaseCore in Frameworks */ = {isa = PBXBuildFile; productRef = 35F0501F2EC56307008220D4 /* FirebaseCore */; };
		35F050222EC5630C008220D4 /* FirebaseAuth in Frameworks */ = {isa = PBXBuildFile; productRef = 35F050212EC5630C008220D4 /* FirebaseAuth */; };
		35F050242EC56312008220D4 /* FirebaseFirestore in Frameworks */ = {isa = PBXBuildFile; productRef = 35F050232EC56312008220D4 /* FirebaseFirestore */; };
/* End PBXBuildFile section */

/* Begin PBXContainerItemProxy section */
		6C1281322EB2BB8E00A20ECA /* PBXContainerItemProxy */ = {
			isa = PBXContainerItemProxy;
			containerPortal = 6C1281192EB2BB8B00A20ECA /* Project object */;
			proxyType = 1;
			remoteGlobalIDString = 6C1281202EB2BB8B00A20ECA;
			remoteInfo = AppRentameYA;
		};
		6C12813C2EB2BB8E00A20ECA /* PBXContainerItemProxy */ = {
			isa = PBXContainerItemProxy;
			containerPortal = 6C1281192EB2BB8B00A20ECA /* Project object */;
			proxyType = 1;
			remoteGlobalIDString = 6C1281202EB2BB8B00A20ECA;
			remoteInfo = AppRentameYA;
		};
/* End PBXContainerItemProxy section */

/* Begin PBXFileReference section */
		6C1281212EB2BB8B00A20ECA /* AppRentameYA.app */ = {isa = PBXFileReference; explicitFileType = wrapper.application; includeInIndex = 0; path = AppRentameYA.app; sourceTree = BUILT_PRODUCTS_DIR; };
		6C1281312EB2BB8E00A20ECA /* AppRentameYATests.xctest */ = {isa = PBXFileReference; explicitFileType = wrapper.cfbundle; includeInIndex = 0; path = AppRentameYATests.xctest; sourceTree = BUILT_PRODUCTS_DIR; };
		6C12813B2EB2BB8E00A20ECA /* AppRentameYAUITests.xctest */ = {isa = PBXFileReference; explicitFileType = wrapper.cfbundle; includeInIndex = 0; path = AppRentameYAUITests.xctest; sourceTree = BUILT_PRODUCTS_DIR; };
/* End PBXFileReference section */

/* Begin PBXFileSystemSynchronizedBuildFileExceptionSet section */
		35F0501B2EC55E44008220D4 /* Exceptions for "AppRentameYA" folder in "AppRentameYATests" target */ = {
			isa = PBXFileSystemSynchronizedBuildFileExceptionSet;
			membershipExceptions = (
				"GoogleService-Info.plist",
			);
			target = 6C1281302EB2BB8E00A20ECA /* AppRentameYATests */;
		};
		35F0501C2EC55E44008220D4 /* Exceptions for "AppRentameYA" folder in "AppRentameYAUITests" target */ = {
			isa = PBXFileSystemSynchronizedBuildFileExceptionSet;
			membershipExceptions = (
				"GoogleService-Info.plist",
			);
			target = 6C12813A2EB2BB8E00A20ECA /* AppRentameYAUITests */;
		};
/* End PBXFileSystemSynchronizedBuildFileExceptionSet section */

/* Begin PBXFileSystemSynchronizedRootGroup section */
		6C1281232EB2BB8B00A20ECA /* AppRentameYA */ = {
			isa = PBXFileSystemSynchronizedRootGroup;
			exceptions = (
				35F0501B2EC55E44008220D4 /* Exceptions for "AppRentameYA" folder in "AppRentameYATests" target */,
				35F0501C2EC55E44008220D4 /* Exceptions for "AppRentameYA" folder in "AppRentameYAUITests" target */,
			);
			path = AppRentameYA;
			sourceTree = "<group>";
		};
		6C1281342EB2BB8E00A20ECA /* AppRentameYATests */ = {
			isa = PBXFileSystemSynchronizedRootGroup;
			path = AppRentameYATests;
			sourceTree = "<group>";
		};
		6C12813E2EB2BB8E00A20ECA /* AppRentameYAUITests */ = {
			isa = PBXFileSystemSynchronizedRootGroup;
			path = AppRentameYAUITests;
			sourceTree = "<group>";
		};
/* End PBXFileSystemSynchronizedRootGroup section */

/* Begin PBXFrameworksBuildPhase section */
		6C12811E2EB2BB8B00A20ECA /* Frameworks */ = {
			isa = PBXFrameworksBuildPhase;
			buildActionMask = 2147483647;
			files = (
				35F050202EC56307008220D4 /* FirebaseCore in Frameworks */,
				35F050222EC5630C008220D4 /* FirebaseAuth in Frameworks */,
				35F050242EC56312008220D4 /* FirebaseFirestore in Frameworks */,
			);
			runOnlyForDeploymentPostprocessing = 0;
		};
		6C12812E2EB2BB8E00A20ECA /* Frameworks */ = {
			isa = PBXFrameworksBuildPhase;
			buildActionMask = 2147483647;
			files = (
			);
			runOnlyForDeploymentPostprocessing = 0;
		};
		6C1281382EB2BB8E00A20ECA /* Frameworks */ = {
			isa = PBXFrameworksBuildPhase;
			buildActionMask = 2147483647;
			files = (
			);
			runOnlyForDeploymentPostprocessing = 0;
		};
/* End PBXFrameworksBuildPhase section */

/* Begin PBXGroup section */
		35F0501E2EC56307008220D4 /* Frameworks */ = {
			isa = PBXGroup;
			children = (
			);
			name = Frameworks;
			sourceTree = "<group>";
		};
		6C1281182EB2BB8B00A20ECA = {
			isa = PBXGroup;
			children = (
				6C1281232EB2BB8B00A20ECA /* AppRentameYA */,
				6C1281342EB2BB8E00A20ECA /* AppRentameYATests */,
				6C12813E2EB2BB8E00A20ECA /* AppRentameYAUITests */,
				35F0501E2EC56307008220D4 /* Frameworks */,
				6C1281222EB2BB8B00A20ECA /* Products */,
			);
			sourceTree = "<group>";
		};
		6C1281222EB2BB8B00A20ECA /* Products */ = {
			isa = PBXGroup;
			children = (
				6C1281212EB2BB8B00A20ECA /* AppRentameYA.app */,
				6C1281312EB2BB8E00A20ECA /* AppRentameYATests.xctest */,
				6C12813B2EB2BB8E00A20ECA /* AppRentameYAUITests.xctest */,
			);
			name = Products;
			sourceTree = "<group>";
		};
/* End PBXGroup section */

/* Begin PBXNativeTarget section */
		6C1281202EB2BB8B00A20ECA /* AppRentameYA */ = {
			isa = PBXNativeTarget;
			buildConfigurationList = 6C1281452EB2BB8E00A20ECA /* Build configuration list for PBXNativeTarget "AppRentameYA" */;
			buildPhases = (
				6C12811D2EB2BB8B00A20ECA /* Sources */,
				6C12811E2EB2BB8B00A20ECA /* Frameworks */,
				6C12811F2EB2BB8B00A20ECA /* Resources */,
			);
			buildRules = (
			);
			dependencies = (
			);
			fileSystemSynchronizedGroups = (
				6C1281232EB2BB8B00A20ECA /* AppRentameYA */,
			);
			name = AppRentameYA;
			packageProductDependencies = (
				35F0501F2EC56307008220D4 /* FirebaseCore */,
				35F050212EC5630C008220D4 /* FirebaseAuth */,
				35F050232EC56312008220D4 /* FirebaseFirestore */,
			);
			productName = AppRentameYA;
			productReference = 6C1281212EB2BB8B00A20ECA /* AppRentameYA.app */;
			productType = "com.apple.product-type.application";
		};
		6C1281302EB2BB8E00A20ECA /* AppRentameYATests */ = {
			isa = PBXNativeTarget;
			buildConfigurationList = 6C1281482EB2BB8E00A20ECA /* Build configuration list for PBXNativeTarget "AppRentameYATests" */;
			buildPhases = (
				6C12812D2EB2BB8E00A20ECA /* Sources */,
				6C12812E2EB2BB8E00A20ECA /* Frameworks */,
				6C12812F2EB2BB8E00A20ECA /* Resources */,
			);
			buildRules = (
			);
			dependencies = (
				6C1281332EB2BB8E00A20ECA /* PBXTargetDependency */,
			);
			fileSystemSynchronizedGroups = (
				6C1281342EB2BB8E00A20ECA /* AppRentameYATests */,
			);
			name = AppRentameYATests;
			packageProductDependencies = (
			);
			productName = AppRentameYATests;
			productReference = 6C1281312EB2BB8E00A20ECA /* AppRentameYATests.xctest */;
			productType = "com.apple.product-type.bundle.unit-test";
		};
		6C12813A2EB2BB8E00A20ECA /* AppRentameYAUITests */ = {
			isa = PBXNativeTarget;
			buildConfigurationList = 6C12814B2EB2BB8E00A20ECA /* Build configuration list for PBXNativeTarget "AppRentameYAUITests" */;
			buildPhases = (
				6C1281372EB2BB8E00A20ECA /* Sources */,
				6C1281382EB2BB8E00A20ECA /* Frameworks */,
				6C1281392EB2BB8E00A20ECA /* Resources */,
			);
			buildRules = (
			);
			dependencies = (
				6C12813D2EB2BB8E00A20ECA /* PBXTargetDependency */,
			);
			fileSystemSynchronizedGroups = (
				6C12813E2EB2BB8E00A20ECA /* AppRentameYAUITests */,
			);
			name = AppRentameYAUITests;
			packageProductDependencies = (
			);
			productName = AppRentameYAUITests;
			productReference = 6C12813B2EB2BB8E00A20ECA /* AppRentameYAUITests.xctest */;
			productType = "com.apple.product-type.bundle.ui-testing";
		};
/* End PBXNativeTarget section */

/* Begin PBXProject section */
		6C1281192EB2BB8B00A20ECA /* Project object */ = {
			isa = PBXProject;
			attributes = {
				BuildIndependentTargetsInParallel = 1;
				LastSwiftUpdateCheck = 1620;
				LastUpgradeCheck = 1620;
				TargetAttributes = {
					6C1281202EB2BB8B00A20ECA = {
						CreatedOnToolsVersion = 16.2;
					};
					6C1281302EB2BB8E00A20ECA = {
						CreatedOnToolsVersion = 16.2;
						TestTargetID = 6C1281202EB2BB8B00A20ECA;
					};
					6C12813A2EB2BB8E00A20ECA = {
						CreatedOnToolsVersion = 16.2;
						TestTargetID = 6C1281202EB2BB8B00A20ECA;
					};
				};
			};
			buildConfigurationList = 6C12811C2EB2BB8B00A20ECA /* Build configuration list for PBXProject "AppRentameYA" */;
			developmentRegion = en;
			hasScannedForEncodings = 0;
			knownRegions = (
				en,
				Base,
			);
			mainGroup = 6C1281182EB2BB8B00A20ECA;
			minimizedProjectReferenceProxies = 1;
			packageReferences = (
				35F0501D2EC56112008220D4 /* XCRemoteSwiftPackageReference "firebase-ios-sdk" */,
			);
			preferredProjectObjectVersion = 77;
			productRefGroup = 6C1281222EB2BB8B00A20ECA /* Products */;
			projectDirPath = "";
			projectRoot = "";
			targets = (
				6C1281202EB2BB8B00A20ECA /* AppRentameYA */,
				6C1281302EB2BB8E00A20ECA /* AppRentameYATests */,
				6C12813A2EB2BB8E00A20ECA /* AppRentameYAUITests */,
			);
		};
/* End PBXProject section */

/* Begin PBXResourcesBuildPhase section */
		6C12811F2EB2BB8B00A20ECA /* Resources */ = {
			isa = PBXResourcesBuildPhase;
			buildActionMask = 2147483647;
			files = (
			);
			runOnlyForDeploymentPostprocessing = 0;
		};
		6C12812F2EB2BB8E00A20ECA /* Resources */ = {
			isa = PBXResourcesBuildPhase;
			buildActionMask = 2147483647;
			files = (
			);
			runOnlyForDeploymentPostprocessing = 0;
		};
		6C1281392EB2BB8E00A20ECA /* Resources */ = {
			isa = PBXResourcesBuildPhase;
			buildActionMask = 2147483647;
			files = (
			);
			runOnlyForDeploymentPostprocessing = 0;
		};
/* End PBXResourcesBuildPhase section */

/* Begin PBXSourcesBuildPhase section */
		6C12811D2EB2BB8B00A20ECA /* Sources */ = {
			isa = PBXSourcesBuildPhase;
			buildActionMask = 2147483647;
			files = (
			);
			runOnlyForDeploymentPostprocessing = 0;
		};
		6C12812D2EB2BB8E00A20ECA /* Sources */ = {
			isa = PBXSourcesBuildPhase;
			buildActionMask = 2147483647;
			files = (
			);
			runOnlyForDeploymentPostprocessing = 0;
		};
		6C1281372EB2BB8E00A20ECA /* Sources */ = {
			isa = PBXSourcesBuildPhase;
			buildActionMask = 2147483647;
			files = (
			);
			runOnlyForDeploymentPostprocessing = 0;
		};
/* End PBXSourcesBuildPhase section */

/* Begin PBXTargetDependency section */
		6C1281332EB2BB8E00A20ECA /* PBXTargetDependency */ = {
			isa = PBXTargetDependency;
			target = 6C1281202EB2BB8B00A20ECA /* AppRentameYA */;
			targetProxy = 6C1281322EB2BB8E00A20ECA /* PBXContainerItemProxy */;
		};
		6C12813D2EB2BB8E00A20ECA /* PBXTargetDependency */ = {
			isa = PBXTargetDependency;
			target = 6C1281202EB2BB8B00A20ECA /* AppRentameYA */;
			targetProxy = 6C12813C2EB2BB8E00A20ECA /* PBXContainerItemProxy */;
		};
/* End PBXTargetDependency section */

/* Begin XCBuildConfiguration section */
		6C1281432EB2BB8E00A20ECA /* Debug */ = {
			isa = XCBuildConfiguration;
			buildSettings = {
				ALWAYS_SEARCH_USER_PATHS = NO;
				ASSETCATALOG_COMPILER_GENERATE_SWIFT_ASSET_SYMBOL_EXTENSIONS = YES;
				CLANG_ANALYZER_NONNULL = YES;
				CLANG_ANALYZER_NUMBER_OBJECT_CONVERSION = YES_AGGRESSIVE;
				CLANG_CXX_LANGUAGE_STANDARD = "gnu++20";
				CLANG_ENABLE_MODULES = YES;
				CLANG_ENABLE_OBJC_ARC = YES;
				CLANG_ENABLE_OBJC_WEAK = YES;
				CLANG_WARN_BLOCK_CAPTURE_AUTORELEASING = YES;
				CLANG_WARN_BOOL_CONVERSION = YES;
				CLANG_WARN_COMMA = YES;
				CLANG_WARN_CONSTANT_CONVERSION = YES;
				CLANG_WARN_DEPRECATED_OBJC_IMPLEMENTATIONS = YES;
				CLANG_WARN_DIRECT_OBJC_ISA_USAGE = YES_ERROR;
				CLANG_WARN_DOCUMENTATION_COMMENTS = YES;
				CLANG_WARN_EMPTY_BODY = YES;
				CLANG_WARN_ENUM_CONVERSION = YES;
				CLANG_WARN_INFINITE_RECURSION = YES;
				CLANG_WARN_INT_CONVERSION = YES;
				CLANG_WARN_NON_LITERAL_NULL_CONVERSION = YES;
				CLANG_WARN_OBJC_IMPLICIT_RETAIN_SELF = YES;
				CLANG_WARN_OBJC_LITERAL_CONVERSION = YES;
				CLANG_WARN_OBJC_ROOT_CLASS = YES_ERROR;
				CLANG_WARN_QUOTED_INCLUDE_IN_FRAMEWORK_HEADER = YES;
				CLANG_WARN_RANGE_LOOP_ANALYSIS = YES;
				CLANG_WARN_STRICT_PROTOTYPES = YES;
				CLANG_WARN_SUSPICIOUS_MOVE = YES;
				CLANG_WARN_UNGUARDED_AVAILABILITY = YES_AGGRESSIVE;
				CLANG_WARN_UNREACHABLE_CODE = YES;
				CLANG_WARN__DUPLICATE_METHOD_MATCH = YES;
				COPY_PHASE_STRIP = NO;
				DEBUG_INFORMATION_FORMAT = dwarf;
				ENABLE_STRICT_OBJC_MSGSEND = YES;
				ENABLE_TESTABILITY = YES;
				ENABLE_USER_SCRIPT_SANDBOXING = YES;
				GCC_C_LANGUAGE_STANDARD = gnu17;
				GCC_DYNAMIC_NO_PIC = NO;
				GCC_NO_COMMON_BLOCKS = YES;
				GCC_OPTIMIZATION_LEVEL = 0;
				GCC_PREPROCESSOR_DEFINITIONS = (
					"DEBUG=1",
					"$(inherited)",
				);
				GCC_WARN_64_TO_32_BIT_CONVERSION = YES;
				GCC_WARN_ABOUT_RETURN_TYPE = YES_ERROR;
				GCC_WARN_UNDECLARED_SELECTOR = YES;
				GCC_WARN_UNINITIALIZED_AUTOS = YES_AGGRESSIVE;
				GCC_WARN_UNUSED_FUNCTION = YES;
				GCC_WARN_UNUSED_VARIABLE = YES;
				IPHONEOS_DEPLOYMENT_TARGET = 18.2;
				LOCALIZATION_PREFERS_STRING_CATALOGS = YES;
				MTL_ENABLE_DEBUG_INFO = INCLUDE_SOURCE;
				MTL_FAST_MATH = YES;
				ONLY_ACTIVE_ARCH = YES;
				SDKROOT = iphoneos;
				SWIFT_ACTIVE_COMPILATION_CONDITIONS = "DEBUG $(inherited)";
				SWIFT_OPTIMIZATION_LEVEL = "-Onone";
			};
			name = Debug;
		};
		6C1281442EB2BB8E00A20ECA /* Release */ = {
			isa = XCBuildConfiguration;
			buildSettings = {
				ALWAYS_SEARCH_USER_PATHS = NO;
				ASSETCATALOG_COMPILER_GENERATE_SWIFT_ASSET_SYMBOL_EXTENSIONS = YES;
				CLANG_ANALYZER_NONNULL = YES;
				CLANG_ANALYZER_NUMBER_OBJECT_CONVERSION = YES_AGGRESSIVE;
				CLANG_CXX_LANGUAGE_STANDARD = "gnu++20";
				CLANG_ENABLE_MODULES = YES;
				CLANG_ENABLE_OBJC_ARC = YES;
				CLANG_ENABLE_OBJC_WEAK = YES;
				CLANG_WARN_BLOCK_CAPTURE_AUTORELEASING = YES;
				CLANG_WARN_BOOL_CONVERSION = YES;
				CLANG_WARN_COMMA = YES;
				CLANG_WARN_CONSTANT_CONVERSION = YES;
				CLANG_WARN_DEPRECATED_OBJC_IMPLEMENTATIONS = YES;
				CLANG_WARN_DIRECT_OBJC_ISA_USAGE = YES_ERROR;
				CLANG_WARN_DOCUMENTATION_COMMENTS = YES;
				CLANG_WARN_EMPTY_BODY = YES;
				CLANG_WARN_ENUM_CONVERSION = YES;
				CLANG_WARN_INFINITE_RECURSION = YES;
				CLANG_WARN_INT_CONVERSION = YES;
				CLANG_WARN_NON_LITERAL_NULL_CONVERSION = YES;
				CLANG_WARN_OBJC_IMPLICIT_RETAIN_SELF = YES;
				CLANG_WARN_OBJC_LITERAL_CONVERSION = YES;
				CLANG_WARN_OBJC_ROOT_CLASS = YES_ERROR;
				CLANG_WARN_QUOTED_INCLUDE_IN_FRAMEWORK_HEADER = YES;
				CLANG_WARN_RANGE_LOOP_ANALYSIS = YES;
				CLANG_WARN_STRICT_PROTOTYPES = YES;
				CLANG_WARN_SUSPICIOUS_MOVE = YES;
				CLANG_WARN_UNGUARDED_AVAILABILITY = YES_AGGRESSIVE;
				CLANG_WARN_UNREACHABLE_CODE = YES;
				CLANG_WARN__DUPLICATE_METHOD_MATCH = YES;
				COPY_PHASE_STRIP = NO;
				DEBUG_INFORMATION_FORMAT = "dwarf-with-dsym";
				ENABLE_NS_ASSERTIONS = NO;
				ENABLE_STRICT_OBJC_MSGSEND = YES;
				ENABLE_USER_SCRIPT_SANDBOXING = YES;
				GCC_C_LANGUAGE_STANDARD = gnu17;
				GCC_NO_COMMON_BLOCKS = YES;
				GCC_WARN_64_TO_32_BIT_CONVERSION = YES;
				GCC_WARN_ABOUT_RETURN_TYPE = YES_ERROR;
				GCC_WARN_UNDECLARED_SELECTOR = YES;
				GCC_WARN_UNINITIALIZED_AUTOS = YES_AGGRESSIVE;
				GCC_WARN_UNUSED_FUNCTION = YES;
				GCC_WARN_UNUSED_VARIABLE = YES;
				IPHONEOS_DEPLOYMENT_TARGET = 18.2;
				LOCALIZATION_PREFERS_STRING_CATALOGS = YES;
				MTL_ENABLE_DEBUG_INFO = NO;
				MTL_FAST_MATH = YES;
				SDKROOT = iphoneos;
				SWIFT_COMPILATION_MODE = wholemodule;
				VALIDATE_PRODUCT = YES;
			};
			name = Release;
		};
		6C1281462EB2BB8E00A20ECA /* Debug */ = {
			isa = XCBuildConfiguration;
			buildSettings = {
				ASSETCATALOG_COMPILER_APPICON_NAME = AppIcon;
				ASSETCATALOG_COMPILER_GLOBAL_ACCENT_COLOR_NAME = AccentColor;
				CODE_SIGN_STYLE = Automatic;
				CURRENT_PROJECT_VERSION = 1;
				DEVELOPMENT_ASSET_PATHS = "\"AppRentameYA/Preview Content\"";
				DEVELOPMENT_TEAM = 8S6CG923B7;
				ENABLE_PREVIEWS = YES;
				GENERATE_INFOPLIST_FILE = YES;
				INFOPLIST_KEY_LSApplicationCategoryType = "";
				INFOPLIST_KEY_UIApplicationSceneManifest_Generation = YES;
				INFOPLIST_KEY_UIApplicationSupportsIndirectInputEvents = YES;
				INFOPLIST_KEY_UILaunchScreen_Generation = YES;
				INFOPLIST_KEY_UISupportedInterfaceOrientations_iPad = "UIInterfaceOrientationPortrait UIInterfaceOrientationPortraitUpsideDown UIInterfaceOrientationLandscapeLeft UIInterfaceOrientationLandscapeRight";
				INFOPLIST_KEY_UISupportedInterfaceOrientations_iPhone = "UIInterfaceOrientationPortrait UIInterfaceOrientationLandscapeLeft UIInterfaceOrientationLandscapeRight";
				LD_RUNPATH_SEARCH_PATHS = (
					"$(inherited)",
					"@executable_path/Frameworks",
				);
				MARKETING_VERSION = 1.0;
				PRODUCT_BUNDLE_IDENTIFIER = iest.AppRentameYA;
				PRODUCT_NAME = "$(TARGET_NAME)";
				SWIFT_EMIT_LOC_STRINGS = YES;
				SWIFT_VERSION = 5.0;
				TARGETED_DEVICE_FAMILY = "1,2";
			};
			name = Debug;
		};
		6C1281472EB2BB8E00A20ECA /* Release */ = {
			isa = XCBuildConfiguration;
			buildSettings = {
				ASSETCATALOG_COMPILER_APPICON_NAME = AppIcon;
				ASSETCATALOG_COMPILER_GLOBAL_ACCENT_COLOR_NAME = AccentColor;
				CODE_SIGN_STYLE = Automatic;
				CURRENT_PROJECT_VERSION = 1;
				DEVELOPMENT_ASSET_PATHS = "\"AppRentameYA/Preview Content\"";
				DEVELOPMENT_TEAM = 8S6CG923B7;
				ENABLE_PREVIEWS = YES;
				GENERATE_INFOPLIST_FILE = YES;
				INFOPLIST_KEY_LSApplicationCategoryType = "";
				INFOPLIST_KEY_UIApplicationSceneManifest_Generation = YES;
				INFOPLIST_KEY_UIApplicationSupportsIndirectInputEvents = YES;
				INFOPLIST_KEY_UILaunchScreen_Generation = YES;
				INFOPLIST_KEY_UISupportedInterfaceOrientations_iPad = "UIInterfaceOrientationPortrait UIInterfaceOrientationPortraitUpsideDown UIInterfaceOrientationLandscapeLeft UIInterfaceOrientationLandscapeRight";
				INFOPLIST_KEY_UISupportedInterfaceOrientations_iPhone = "UIInterfaceOrientationPortrait UIInterfaceOrientationLandscapeLeft UIInterfaceOrientationLandscapeRight";
				LD_RUNPATH_SEARCH_PATHS = (
					"$(inherited)",
					"@executable_path/Frameworks",
				);
				MARKETING_VERSION = 1.0;
				PRODUCT_BUNDLE_IDENTIFIER = iest.AppRentameYA;
				PRODUCT_NAME = "$(TARGET_NAME)";
				SWIFT_EMIT_LOC_STRINGS = YES;
				SWIFT_VERSION = 5.0;
				TARGETED_DEVICE_FAMILY = "1,2";
			};
			name = Release;
		};
		6C1281492EB2BB8E00A20ECA /* Debug */ = {
			isa = XCBuildConfiguration;
			buildSettings = {
				BUNDLE_LOADER = "$(TEST_HOST)";
				CODE_SIGN_STYLE = Automatic;
				CURRENT_PROJECT_VERSION = 1;
				DEVELOPMENT_TEAM = 8S6CG923B7;
				GENERATE_INFOPLIST_FILE = YES;
				IPHONEOS_DEPLOYMENT_TARGET = 18.2;
				MARKETING_VERSION = 1.0;
				PRODUCT_BUNDLE_IDENTIFIER = iest.AppRentameYATests;
				PRODUCT_NAME = "$(TARGET_NAME)";
				SWIFT_EMIT_LOC_STRINGS = NO;
				SWIFT_VERSION = 5.0;
				TARGETED_DEVICE_FAMILY = "1,2";
				TEST_HOST = "$(BUILT_PRODUCTS_DIR)/AppRentameYA.app/$(BUNDLE_EXECUTABLE_FOLDER_PATH)/AppRentameYA";
			};
			name = Debug;
		};
		6C12814A2EB2BB8E00A20ECA /* Release */ = {
			isa = XCBuildConfiguration;
			buildSettings = {
				BUNDLE_LOADER = "$(TEST_HOST)";
				CODE_SIGN_STYLE = Automatic;
				CURRENT_PROJECT_VERSION = 1;
				DEVELOPMENT_TEAM = 8S6CG923B7;
				GENERATE_INFOPLIST_FILE = YES;
				IPHONEOS_DEPLOYMENT_TARGET = 18.2;
				MARKETING_VERSION = 1.0;
				PRODUCT_BUNDLE_IDENTIFIER = iest.AppRentameYATests;
				PRODUCT_NAME = "$(TARGET_NAME)";
				SWIFT_EMIT_LOC_STRINGS = NO;
				SWIFT_VERSION = 5.0;
				TARGETED_DEVICE_FAMILY = "1,2";
				TEST_HOST = "$(BUILT_PRODUCTS_DIR)/AppRentameYA.app/$(BUNDLE_EXECUTABLE_FOLDER_PATH)/AppRentameYA";
			};
			name = Release;
		};
		6C12814C2EB2BB8E00A20ECA /* Debug */ = {
			isa = XCBuildConfiguration;
			buildSettings = {
				CODE_SIGN_STYLE = Automatic;
				CURRENT_PROJECT_VERSION = 1;
				DEVELOPMENT_TEAM = 8S6CG923B7;
				GENERATE_INFOPLIST_FILE = YES;
				MARKETING_VERSION = 1.0;
				PRODUCT_BUNDLE_IDENTIFIER = iest.AppRentameYAUITests;
				PRODUCT_NAME = "$(TARGET_NAME)";
				SWIFT_EMIT_LOC_STRINGS = NO;
				SWIFT_VERSION = 5.0;
				TARGETED_DEVICE_FAMILY = "1,2";
				TEST_TARGET_NAME = AppRentameYA;
			};
			name = Debug;
		};
		6C12814D2EB2BB8E00A20ECA /* Release */ = {
			isa = XCBuildConfiguration;
			buildSettings = {
				CODE_SIGN_STYLE = Automatic;
				CURRENT_PROJECT_VERSION = 1;
				DEVELOPMENT_TEAM = 8S6CG923B7;
				GENERATE_INFOPLIST_FILE = YES;
				MARKETING_VERSION = 1.0;
				PRODUCT_BUNDLE_IDENTIFIER = iest.AppRentameYAUITests;
				PRODUCT_NAME = "$(TARGET_NAME)";
				SWIFT_EMIT_LOC_STRINGS = NO;
				SWIFT_VERSION = 5.0;
				TARGETED_DEVICE_FAMILY = "1,2";
				TEST_TARGET_NAME = AppRentameYA;
			};
			name = Release;
		};
/* End XCBuildConfiguration section */

/* Begin XCConfigurationList section */
		6C12811C2EB2BB8B00A20ECA /* Build configuration list for PBXProject "AppRentameYA" */ = {
			isa = XCConfigurationList;
			buildConfigurations = (
				6C1281432EB2BB8E00A20ECA /* Debug */,
				6C1281442EB2BB8E00A20ECA /* Release */,
			);
			defaultConfigurationIsVisible = 0;
			defaultConfigurationName = Release;
		};
		6C1281452EB2BB8E00A20ECA /* Build configuration list for PBXNativeTarget "AppRentameYA" */ = {
			isa = XCConfigurationList;
			buildConfigurations = (
				6C1281462EB2BB8E00A20ECA /* Debug */,
				6C1281472EB2BB8E00A20ECA /* Release */,
			);
			defaultConfigurationIsVisible = 0;
			defaultConfigurationName = Release;
		};
		6C1281482EB2BB8E00A20ECA /* Build configuration list for PBXNativeTarget "AppRentameYATests" */ = {
			isa = XCConfigurationList;
			buildConfigurations = (
				6C1281492EB2BB8E00A20ECA /* Debug */,
				6C12814A2EB2BB8E00A20ECA /* Release */,
			);
			defaultConfigurationIsVisible = 0;
			defaultConfigurationName = Release;
		};
		6C12814B2EB2BB8E00A20ECA /* Build configuration list for PBXNativeTarget "AppRentameYAUITests" */ = {
			isa = XCConfigurationList;
			buildConfigurations = (
				6C12814C2EB2BB8E00A20ECA /* Debug */,
				6C12814D2EB2BB8E00A20ECA /* Release */,
			);
			defaultConfigurationIsVisible = 0;
			defaultConfigurationName = Release;
		};
/* End XCConfigurationList section */

/* Begin XCRemoteSwiftPackageReference section */
		35F0501D2EC56112008220D4 /* XCRemoteSwiftPackageReference "firebase-ios-sdk" */ = {
			isa = XCRemoteSwiftPackageReference;
			repositoryURL = "https://github.com/firebase/firebase-ios-sdk";
			requirement = {
				kind = upToNextMajorVersion;
				minimumVersion = 12.5.0;
			};
		};
/* End XCRemoteSwiftPackageReference section */

/* Begin XCSwiftPackageProductDependency section */
		35F0501F2EC56307008220D4 /* FirebaseCore */ = {
			isa = XCSwiftPackageProductDependency;
			package = 35F0501D2EC56112008220D4 /* XCRemoteSwiftPackageReference "firebase-ios-sdk" */;
			productName = FirebaseCore;
		};
		35F050212EC5630C008220D4 /* FirebaseAuth */ = {
			isa = XCSwiftPackageProductDependency;
			package = 35F0501D2EC56112008220D4 /* XCRemoteSwiftPackageReference "firebase-ios-sdk" */;
			productName = FirebaseAuth;
		};
		35F050232EC56312008220D4 /* FirebaseFirestore */ = {
			isa = XCSwiftPackageProductDependency;
			package = 35F0501D2EC56112008220D4 /* XCRemoteSwiftPackageReference "firebase-ios-sdk" */;
			productName = FirebaseFirestore;
		};
/* End XCSwiftPackageProductDependency section */
	};
	rootObject = 6C1281192EB2BB8B00A20ECA /* Project object */;
}
